# THIS IS AN AUTOGENERATED FILE. DO NOT EDIT THIS FILE DIRECTLY.
# yarn lockfile v1


"@react-native-firebase/firestore@^11.2.0":
  version "11.2.0"
  resolved "https://registry.yarnpkg.com/@react-native-firebase/firestore/-/firestore-11.2.0.tgz#ebfe5b3824b216038656761518604ac66ee77ed4"
  integrity sha512-UdSp/qn/jqe9a48ThscdgOg6rGFQLvoSqr+NKZz/TDImkCz0udobyYEMhLePyyzjsOcEtkmFkxw9640EKdzmwg==
